// !$*UTF8*$!
{
	archiveVersion = 1;
	classes = {
	};
	objectVersion = 56;
	objects = {

/* Begin PBXBuildFile section */
		6F6DC70C2BB0A8B500BF20DE /* AppDelegate.swift in Sources */ = {isa = PBXBuildFile; fileRef = 6F6DC70B2BB0A8B500BF20DE /* AppDelegate.swift */; };
		6F6DC7102BB0A8B500BF20DE /* MainViewController.swift in Sources */ = {isa = PBXBuildFile; fileRef = 6F6DC70F2BB0A8B500BF20DE /* MainViewController.swift */; };
		6F6DC7152BB0A8B700BF20DE /* Assets.xcassets in Resources */ = {isa = PBXBuildFile; fileRef = 6F6DC7142BB0A8B700BF20DE /* Assets.xcassets */; };
		6F6DC7182BB0A8B700BF20DE /* Base in Resources */ = {isa = PBXBuildFile; fileRef = 6F6DC7172BB0A8B700BF20DE /* Base */; };
		6F6DC7202BB0ACAF00BF20DE /* TableViewCell.swift in Sources */ = {isa = PBXBuildFile; fileRef = 6F6DC71F2BB0ACAF00BF20DE /* TableViewCell.swift */; };
		6F6DC7242BB0B15100BF20DE /* MoreDetailsViewController.swift in Sources */ = {isa = PBXBuildFile; fileRef = 6F6DC7232BB0B15100BF20DE /* MoreDetailsViewController.swift */; };
		6F6DC7272BB0B36900BF20DE /* PositionModel.swift in Sources */ = {isa = PBXBuildFile; fileRef = 6F6DC7262BB0B36900BF20DE /* PositionModel.swift */; };
		6F6DC72A2BB0B51B00BF20DE /* Kingfisher in Frameworks */ = {isa = PBXBuildFile; productRef = 6F6DC7292BB0B51B00BF20DE /* Kingfisher */; };
		6F6DC72C2BB0B93600BF20DE /* Router.swift in Sources */ = {isa = PBXBuildFile; fileRef = 6F6DC72B2BB0B93600BF20DE /* Router.swift */; };
		6F6DC72E2BB0CA2A00BF20DE /* MainVCViewModel.swift in Sources */ = {isa = PBXBuildFile; fileRef = 6F6DC72D2BB0CA2A00BF20DE /* MainVCViewModel.swift */; };
		6F6DC7322BB0D0C600BF20DE /* MoreDatailsViewModel.swift in Sources */ = {isa = PBXBuildFile; fileRef = 6F6DC7312BB0D0C600BF20DE /* MoreDatailsViewModel.swift */; };
		6F6DC7342BB0D84B00BF20DE /* Service.swift in Sources */ = {isa = PBXBuildFile; fileRef = 6F6DC7332BB0D84B00BF20DE /* Service.swift */; };
		6F6DC7362BB0D9AC00BF20DE /* Storage.swift in Sources */ = {isa = PBXBuildFile; fileRef = 6F6DC7352BB0D9AC00BF20DE /* Storage.swift */; };
		6F6DC7392BB0EB8A00BF20DE /* LoadingScreenViewController.swift in Sources */ = {isa = PBXBuildFile; fileRef = 6F6DC7382BB0EB8A00BF20DE /* LoadingScreenViewController.swift */; };
/* End PBXBuildFile section */

/* Begin PBXFileReference section */
		6F6DC7082BB0A8B500BF20DE /* Vacancies.app */ = {isa = PBXFileReference; explicitFileType = wrapper.application; includeInIndex = 0; path = Vacancies.app; sourceTree = BUILT_PRODUCTS_DIR; };
		6F6DC70B2BB0A8B500BF20DE /* AppDelegate.swift */ = {isa = PBXFileReference; lastKnownFileType = sourcecode.swift; path = AppDelegate.swift; sourceTree = "<group>"; };
		6F6DC70F2BB0A8B500BF20DE /* MainViewController.swift */ = {isa = PBXFileReference; lastKnownFileType = sourcecode.swift; path = MainViewController.swift; sourceTree = "<group>"; };
		6F6DC7142BB0A8B700BF20DE /* Assets.xcassets */ = {isa = PBXFileReference; lastKnownFileType = folder.assetcatalog; path = Assets.xcassets; sourceTree = "<group>"; };
		6F6DC7172BB0A8B700BF20DE /* Base */ = {isa = PBXFileReference; lastKnownFileType = file.storyboard; name = Base; path = Base.lproj/LaunchScreen.storyboard; sourceTree = "<group>"; };
		6F6DC7192BB0A8B700BF20DE /* Info.plist */ = {isa = PBXFileReference; lastKnownFileType = text.plist.xml; path = Info.plist; sourceTree = "<group>"; };
		6F6DC71F2BB0ACAF00BF20DE /* TableViewCell.swift */ = {isa = PBXFileReference; lastKnownFileType = sourcecode.swift; path = TableViewCell.swift; sourceTree = "<group>"; };
		6F6DC7232BB0B15100BF20DE /* MoreDetailsViewController.swift */ = {isa = PBXFileReference; lastKnownFileType = sourcecode.swift; path = MoreDetailsViewController.swift; sourceTree = "<group>"; };
		6F6DC7262BB0B36900BF20DE /* PositionModel.swift */ = {isa = PBXFileReference; lastKnownFileType = sourcecode.swift; path = PositionModel.swift; sourceTree = "<group>"; };
		6F6DC72B2BB0B93600BF20DE /* Router.swift */ = {isa = PBXFileReference; lastKnownFileType = sourcecode.swift; path = Router.swift; sourceTree = "<group>"; };
		6F6DC72D2BB0CA2A00BF20DE /* MainVCViewModel.swift */ = {isa = PBXFileReference; lastKnownFileType = sourcecode.swift; path = MainVCViewModel.swift; sourceTree = "<group>"; };
		6F6DC7312BB0D0C600BF20DE /* MoreDatailsViewModel.swift */ = {isa = PBXFileReference; lastKnownFileType = sourcecode.swift; path = MoreDatailsViewModel.swift; sourceTree = "<group>"; };
		6F6DC7332BB0D84B00BF20DE /* Service.swift */ = {isa = PBXFileReference; lastKnownFileType = sourcecode.swift; path = Service.swift; sourceTree = "<group>"; };
		6F6DC7352BB0D9AC00BF20DE /* Storage.swift */ = {isa = PBXFileReference; lastKnownFileType = sourcecode.swift; path = Storage.swift; sourceTree = "<group>"; };
		6F6DC7382BB0EB8A00BF20DE /* LoadingScreenViewController.swift */ = {isa = PBXFileReference; lastKnownFileType = sourcecode.swift; path = LoadingScreenViewController.swift; sourceTree = "<group>"; };
/* End PBXFileReference section */

/* Begin PBXFrameworksBuildPhase section */
		6F6DC7052BB0A8B500BF20DE /* Frameworks */ = {
			isa = PBXFrameworksBuildPhase;
			buildActionMask = 2147483647;
			files = (
				6F6DC72A2BB0B51B00BF20DE /* Kingfisher in Frameworks */,
			);
			runOnlyForDeploymentPostprocessing = 0;
		};
/* End PBXFrameworksBuildPhase section */

/* Begin PBXGroup section */
		6F6DC6FF2BB0A8B500BF20DE = {
			isa = PBXGroup;
			children = (
				6F6DC70A2BB0A8B500BF20DE /* Vacancies */,
				6F6DC7092BB0A8B500BF20DE /* Products */,
			);
			sourceTree = "<group>";
		};
		6F6DC7092BB0A8B500BF20DE /* Products */ = {
			isa = PBXGroup;
			children = (
				6F6DC7082BB0A8B500BF20DE /* Vacancies.app */,
			);
			name = Products;
			sourceTree = "<group>";
		};
		6F6DC70A2BB0A8B500BF20DE /* Vacancies */ = {
			isa = PBXGroup;
			children = (
				6F6DC70B2BB0A8B500BF20DE /* AppDelegate.swift */,
				6FE4FA322BB6F6B500BD2CC8 /* Data */,
				6F6DC7372BB0EB6F00BF20DE /* LoadingScreen */,
				6F6DC7212BB0B10C00BF20DE /* Main */,
				6F6DC7222BB0B12700BF20DE /* MoreDetails */,
				6F6DC7252BB0B2DE00BF20DE /* Models */,
				6F6DC7142BB0A8B700BF20DE /* Assets.xcassets */,
				6F6DC7162BB0A8B700BF20DE /* LaunchScreen.storyboard */,
				6F6DC7192BB0A8B700BF20DE /* Info.plist */,
			);
			path = Vacancies;
			sourceTree = "<group>";
		};
		6F6DC7212BB0B10C00BF20DE /* Main */ = {
			isa = PBXGroup;
			children = (
				6F6DC70F2BB0A8B500BF20DE /* MainViewController.swift */,
				6F6DC72D2BB0CA2A00BF20DE /* MainVCViewModel.swift */,
				6F6DC71F2BB0ACAF00BF20DE /* TableViewCell.swift */,
				6F6DC72B2BB0B93600BF20DE /* Router.swift */,
			);
			path = Main;
			sourceTree = "<group>";
		};
		6F6DC7222BB0B12700BF20DE /* MoreDetails */ = {
			isa = PBXGroup;
			children = (
				6F6DC7232BB0B15100BF20DE /* MoreDetailsViewController.swift */,
				6F6DC7312BB0D0C600BF20DE /* MoreDatailsViewModel.swift */,
			);
			path = MoreDetails;
			sourceTree = "<group>";
		};
		6F6DC7252BB0B2DE00BF20DE /* Models */ = {
			isa = PBXGroup;
			children = (
				6F6DC7262BB0B36900BF20DE /* PositionModel.swift */,
			);
			path = Models;
			sourceTree = "<group>";
		};
		6F6DC7372BB0EB6F00BF20DE /* LoadingScreen */ = {
			isa = PBXGroup;
			children = (
				6F6DC7382BB0EB8A00BF20DE /* LoadingScreenViewController.swift */,
			);
			path = LoadingScreen;
			sourceTree = "<group>";
		};
		6FE4FA322BB6F6B500BD2CC8 /* Data */ = {
			isa = PBXGroup;
			children = (
				6F6DC7352BB0D9AC00BF20DE /* Storage.swift */,
				6F6DC7332BB0D84B00BF20DE /* Service.swift */,
			);
			path = Data;
			sourceTree = "<group>";
		};
/* End PBXGroup section */

/* Begin PBXNativeTarget section */
		6F6DC7072BB0A8B500BF20DE /* Vacancies */ = {
			isa = PBXNativeTarget;
			buildConfigurationList = 6F6DC71C2BB0A8B700BF20DE /* Build configuration list for PBXNativeTarget "Vacancies" */;
			buildPhases = (
				6F6DC7042BB0A8B500BF20DE /* Sources */,
				6F6DC7052BB0A8B500BF20DE /* Frameworks */,
				6F6DC7062BB0A8B500BF20DE /* Resources */,
			);
			buildRules = (
			);
			dependencies = (
			);
			name = Vacancies;
			packageProductDependencies = (
				6F6DC7292BB0B51B00BF20DE /* Kingfisher */,
			);
			productName = Vacancies;
			productReference = 6F6DC7082BB0A8B500BF20DE /* Vacancies.app */;
			productType = "com.apple.product-type.application";
		};
/* End PBXNativeTarget section */

/* Begin PBXProject section */
		6F6DC7002BB0A8B500BF20DE /* Project object */ = {
			isa = PBXProject;
			attributes = {
				BuildIndependentTargetsInParallel = 1;
				LastSwiftUpdateCheck = 1530;
				LastUpgradeCheck = 1530;
				TargetAttributes = {
					6F6DC7072BB0A8B500BF20DE = {
						CreatedOnToolsVersion = 15.3;
					};
				};
			};
			buildConfigurationList = 6F6DC7032BB0A8B500BF20DE /* Build configuration list for PBXProject "Vacancies" */;
			compatibilityVersion = "Xcode 14.0";
			developmentRegion = en;
			hasScannedForEncodings = 0;
			knownRegions = (
				en,
				Base,
			);
			mainGroup = 6F6DC6FF2BB0A8B500BF20DE;
			packageReferences = (
				6F6DC7282BB0B51B00BF20DE /* XCRemoteSwiftPackageReference "Kingfisher" */,
			);
			productRefGroup = 6F6DC7092BB0A8B500BF20DE /* Products */;
			projectDirPath = "";
			projectRoot = "";
			targets = (
				6F6DC7072BB0A8B500BF20DE /* Vacancies */,
			);
		};
/* End PBXProject section */

/* Begin PBXResourcesBuildPhase section */
		6F6DC7062BB0A8B500BF20DE /* Resources */ = {
			isa = PBXResourcesBuildPhase;
			buildActionMask = 2147483647;
			files = (
				6F6DC7152BB0A8B700BF20DE /* Assets.xcassets in Resources */,
				6F6DC7182BB0A8B700BF20DE /* Base in Resources */,
			);
			runOnlyForDeploymentPostprocessing = 0;
		};
/* End PBXResourcesBuildPhase section */

/* Begin PBXSourcesBuildPhase section */
		6F6DC7042BB0A8B500BF20DE /* Sources */ = {
			isa = PBXSourcesBuildPhase;
			buildActionMask = 2147483647;
			files = (
				6F6DC7322BB0D0C600BF20DE /* MoreDatailsViewModel.swift in Sources */,
				6F6DC7362BB0D9AC00BF20DE /* Storage.swift in Sources */,
				6F6DC7102BB0A8B500BF20DE /* MainViewController.swift in Sources */,
				6F6DC70C2BB0A8B500BF20DE /* AppDelegate.swift in Sources */,
				6F6DC7272BB0B36900BF20DE /* PositionModel.swift in Sources */,
				6F6DC72E2BB0CA2A00BF20DE /* MainVCViewModel.swift in Sources */,
				6F6DC7242BB0B15100BF20DE /* MoreDetailsViewController.swift in Sources */,
				6F6DC7342BB0D84B00BF20DE /* Service.swift in Sources */,
				6F6DC72C2BB0B93600BF20DE /* Router.swift in Sources */,
				6F6DC7202BB0ACAF00BF20DE /* TableViewCell.swift in Sources */,
				6F6DC7392BB0EB8A00BF20DE /* LoadingScreenViewController.swift in Sources */,
			);
			runOnlyForDeploymentPostprocessing = 0;
		};
/* End PBXSourcesBuildPhase section */

/* Begin PBXVariantGroup section */
		6F6DC7162BB0A8B700BF20DE /* LaunchScreen.storyboard */ = {
			isa = PBXVariantGroup;
			children = (
				6F6DC7172BB0A8B700BF20DE /* Base */,
			);
			name = LaunchScreen.storyboard;
			sourceTree = "<group>";
		};
/* End PBXVariantGroup section */

/* Begin XCBuildConfiguration section */
		6F6DC71A2BB0A8B700BF20DE /* Debug */ = {
			isa = XCBuildConfiguration;
			buildSettings = {
				ALWAYS_SEARCH_USER_PATHS = NO;
				ASSETCATALOG_COMPILER_GENERATE_SWIFT_ASSET_SYMBOL_EXTENSIONS = YES;
				CLANG_ANALYZER_NONNULL = YES;
				CLANG_ANALYZER_NUMBER_OBJECT_CONVERSION = YES_AGGRESSIVE;
				CLANG_CXX_LANGUAGE_STANDARD = "gnu++20";
				CLANG_ENABLE_MODULES = YES;
				CLANG_ENABLE_OBJC_ARC = YES;
				CLANG_ENABLE_OBJC_WEAK = YES;
				CLANG_WARN_BLOCK_CAPTURE_AUTORELEASING = YES;
				CLANG_WARN_BOOL_CONVERSION = YES;
				CLANG_WARN_COMMA = YES;
				CLANG_WARN_CONSTANT_CONVERSION = YES;
				CLANG_WARN_DEPRECATED_OBJC_IMPLEMENTATIONS = YES;
				CLANG_WARN_DIRECT_OBJC_ISA_USAGE = YES_ERROR;
				CLANG_WARN_DOCUMENTATION_COMMENTS = YES;
				CLANG_WARN_EMPTY_BODY = YES;
				CLANG_WARN_ENUM_CONVERSION = YES;
				CLANG_WARN_INFINITE_RECURSION = YES;
				CLANG_WARN_INT_CONVERSION = YES;
				CLANG_WARN_NON_LITERAL_NULL_CONVERSION = YES;
				CLANG_WARN_OBJC_IMPLICIT_RETAIN_SELF = YES;
				CLANG_WARN_OBJC_LITERAL_CONVERSION = YES;
				CLANG_WARN_OBJC_ROOT_CLASS = YES_ERROR;
				CLANG_WARN_QUOTED_INCLUDE_IN_FRAMEWORK_HEADER = YES;
				CLANG_WARN_RANGE_LOOP_ANALYSIS = YES;
				CLANG_WARN_STRICT_PROTOTYPES = YES;
				CLANG_WARN_SUSPICIOUS_MOVE = YES;
				CLANG_WARN_UNGUARDED_AVAILABILITY = YES_AGGRESSIVE;
				CLANG_WARN_UNREACHABLE_CODE = YES;
				CLANG_WARN__DUPLICATE_METHOD_MATCH = YES;
				COPY_PHASE_STRIP = NO;
				DEBUG_INFORMATION_FORMAT = dwarf;
				ENABLE_STRICT_OBJC_MSGSEND = YES;
				ENABLE_TESTABILITY = YES;
				ENABLE_USER_SCRIPT_SANDBOXING = YES;
				GCC_C_LANGUAGE_STANDARD = gnu17;
				GCC_DYNAMIC_NO_PIC = NO;
				GCC_NO_COMMON_BLOCKS = YES;
				GCC_OPTIMIZATION_LEVEL = 0;
				GCC_PREPROCESSOR_DEFINITIONS = (
					"DEBUG=1",
					"$(inherited)",
				);
				GCC_WARN_64_TO_32_BIT_CONVERSION = YES;
				GCC_WARN_ABOUT_RETURN_TYPE = YES_ERROR;
				GCC_WARN_UNDECLARED_SELECTOR = YES;
				GCC_WARN_UNINITIALIZED_AUTOS = YES_AGGRESSIVE;
				GCC_WARN_UNUSED_FUNCTION = YES;
				GCC_WARN_UNUSED_VARIABLE = YES;
				IPHONEOS_DEPLOYMENT_TARGET = 17.4;
				LOCALIZATION_PREFERS_STRING_CATALOGS = YES;
				MTL_ENABLE_DEBUG_INFO = INCLUDE_SOURCE;
				MTL_FAST_MATH = YES;
				ONLY_ACTIVE_ARCH = YES;
				SDKROOT = iphoneos;
				SWIFT_ACTIVE_COMPILATION_CONDITIONS = "DEBUG $(inherited)";
				SWIFT_OPTIMIZATION_LEVEL = "-Onone";
			};
			name = Debug;
		};
		6F6DC71B2BB0A8B700BF20DE /* Release */ = {
			isa = XCBuildConfiguration;
			buildSettings = {
				ALWAYS_SEARCH_USER_PATHS = NO;
				ASSETCATALOG_COMPILER_GENERATE_SWIFT_ASSET_SYMBOL_EXTENSIONS = YES;
				CLANG_ANALYZER_NONNULL = YES;
				CLANG_ANALYZER_NUMBER_OBJECT_CONVERSION = YES_AGGRESSIVE;
				CLANG_CXX_LANGUAGE_STANDARD = "gnu++20";
				CLANG_ENABLE_MODULES = YES;
				CLANG_ENABLE_OBJC_ARC = YES;
				CLANG_ENABLE_OBJC_WEAK = YES;
				CLANG_WARN_BLOCK_CAPTURE_AUTORELEASING = YES;
				CLANG_WARN_BOOL_CONVERSION = YES;
				CLANG_WARN_COMMA = YES;
				CLANG_WARN_CONSTANT_CONVERSION = YES;
				CLANG_WARN_DEPRECATED_OBJC_IMPLEMENTATIONS = YES;
				CLANG_WARN_DIRECT_OBJC_ISA_USAGE = YES_ERROR;
				CLANG_WARN_DOCUMENTATION_COMMENTS = YES;
				CLANG_WARN_EMPTY_BODY = YES;
				CLANG_WARN_ENUM_CONVERSION = YES;
				CLANG_WARN_INFINITE_RECURSION = YES;
				CLANG_WARN_INT_CONVERSION = YES;
				CLANG_WARN_NON_LITERAL_NULL_CONVERSION = YES;
				CLANG_WARN_OBJC_IMPLICIT_RETAIN_SELF = YES;
				CLANG_WARN_OBJC_LITERAL_CONVERSION = YES;
				CLANG_WARN_OBJC_ROOT_CLASS = YES_ERROR;
				CLANG_WARN_QUOTED_INCLUDE_IN_FRAMEWORK_HEADER = YES;
				CLANG_WARN_RANGE_LOOP_ANALYSIS = YES;
				CLANG_WARN_STRICT_PROTOTYPES = YES;
				CLANG_WARN_SUSPICIOUS_MOVE = YES;
				CLANG_WARN_UNGUARDED_AVAILABILITY = YES_AGGRESSIVE;
				CLANG_WARN_UNREACHABLE_CODE = YES;
				CLANG_WARN__DUPLICATE_METHOD_MATCH = YES;
				COPY_PHASE_STRIP = NO;
				DEBUG_INFORMATION_FORMAT = "dwarf-with-dsym";
				ENABLE_NS_ASSERTIONS = NO;
				ENABLE_STRICT_OBJC_MSGSEND = YES;
				ENABLE_USER_SCRIPT_SANDBOXING = YES;
				GCC_C_LANGUAGE_STANDARD = gnu17;
				GCC_NO_COMMON_BLOCKS = YES;
				GCC_WARN_64_TO_32_BIT_CONVERSION = YES;
				GCC_WARN_ABOUT_RETURN_TYPE = YES_ERROR;
				GCC_WARN_UNDECLARED_SELECTOR = YES;
				GCC_WARN_UNINITIALIZED_AUTOS = YES_AGGRESSIVE;
				GCC_WARN_UNUSED_FUNCTION = YES;
				GCC_WARN_UNUSED_VARIABLE = YES;
				IPHONEOS_DEPLOYMENT_TARGET = 17.4;
				LOCALIZATION_PREFERS_STRING_CATALOGS = YES;
				MTL_ENABLE_DEBUG_INFO = NO;
				MTL_FAST_MATH = YES;
				SDKROOT = iphoneos;
				SWIFT_COMPILATION_MODE = wholemodule;
				VALIDATE_PRODUCT = YES;
			};
			name = Release;
		};
		6F6DC71D2BB0A8B700BF20DE /* Debug */ = {
			isa = XCBuildConfiguration;
			buildSettings = {
				ASSETCATALOG_COMPILER_APPICON_NAME = AppIcon;
				ASSETCATALOG_COMPILER_GLOBAL_ACCENT_COLOR_NAME = AccentColor;
				CODE_SIGN_STYLE = Automatic;
				CURRENT_PROJECT_VERSION = 1;
				DEVELOPMENT_TEAM = 39MSBT7ZQZ;
				GENERATE_INFOPLIST_FILE = YES;
				INFOPLIST_FILE = Vacancies/Info.plist;
				INFOPLIST_KEY_UIApplicationSupportsIndirectInputEvents = YES;
				INFOPLIST_KEY_UILaunchStoryboardName = LaunchScreen;
				INFOPLIST_KEY_UISupportedInterfaceOrientations_iPad = "UIInterfaceOrientationPortrait UIInterfaceOrientationPortraitUpsideDown UIInterfaceOrientationLandscapeLeft UIInterfaceOrientationLandscapeRight";
				INFOPLIST_KEY_UISupportedInterfaceOrientations_iPhone = "UIInterfaceOrientationPortrait UIInterfaceOrientationLandscapeLeft UIInterfaceOrientationLandscapeRight";
				LD_RUNPATH_SEARCH_PATHS = (
					"$(inherited)",
					"@executable_path/Frameworks",
				);
				MARKETING_VERSION = 1.0;
				PRODUCT_BUNDLE_IDENTIFIER = com.vovameister.Vacancies;
				PRODUCT_NAME = "$(TARGET_NAME)";
				SWIFT_EMIT_LOC_STRINGS = YES;
				SWIFT_VERSION = 5.0;
				TARGETED_DEVICE_FAMILY = "1,2";
			};
			name = Debug;
		};
		6F6DC71E2BB0A8B700BF20DE /* Release */ = {
			isa = XCBuildConfiguration;
			buildSettings = {
				ASSETCATALOG_COMPILER_APPICON_NAME = AppIcon;
				ASSETCATALOG_COMPILER_GLOBAL_ACCENT_COLOR_NAME = AccentColor;
				CODE_SIGN_STYLE = Automatic;
				CURRENT_PROJECT_VERSION = 1;
				DEVELOPMENT_TEAM = 39MSBT7ZQZ;
				GENERATE_INFOPLIST_FILE = YES;
				INFOPLIST_FILE = Vacancies/Info.plist;
				INFOPLIST_KEY_UIApplicationSupportsIndirectInputEvents = YES;
				INFOPLIST_KEY_UILaunchStoryboardName = LaunchScreen;
				INFOPLIST_KEY_UISupportedInterfaceOrientations_iPad = "UIInterfaceOrientationPortrait UIInterfaceOrientationPortraitUpsideDown UIInterfaceOrientationLandscapeLeft UIInterfaceOrientationLandscapeRight";
				INFOPLIST_KEY_UISupportedInterfaceOrientations_iPhone = "UIInterfaceOrientationPortrait UIInterfaceOrientationLandscapeLeft UIInterfaceOrientationLandscapeRight";
				LD_RUNPATH_SEARCH_PATHS = (
					"$(inherited)",
					"@executable_path/Frameworks",
				);
				MARKETING_VERSION = 1.0;
				PRODUCT_BUNDLE_IDENTIFIER = com.vovameister.Vacancies;
				PRODUCT_NAME = "$(TARGET_NAME)";
				SWIFT_EMIT_LOC_STRINGS = YES;
				SWIFT_VERSION = 5.0;
				TARGETED_DEVICE_FAMILY = "1,2";
			};
			name = Release;
		};
/* End XCBuildConfiguration section */

/* Begin XCConfigurationList section */
		6F6DC7032BB0A8B500BF20DE /* Build configuration list for PBXProject "Vacancies" */ = {
			isa = XCConfigurationList;
			buildConfigurations = (
				6F6DC71A2BB0A8B700BF20DE /* Debug */,
				6F6DC71B2BB0A8B700BF20DE /* Release */,
			);
			defaultConfigurationIsVisible = 0;
			defaultConfigurationName = Release;
		};
		6F6DC71C2BB0A8B700BF20DE /* Build configuration list for PBXNativeTarget "Vacancies" */ = {
			isa = XCConfigurationList;
			buildConfigurations = (
				6F6DC71D2BB0A8B700BF20DE /* Debug */,
				6F6DC71E2BB0A8B700BF20DE /* Release */,
			);
			defaultConfigurationIsVisible = 0;
			defaultConfigurationName = Release;
		};
/* End XCConfigurationList section */

/* Begin XCRemoteSwiftPackageReference section */
		6F6DC7282BB0B51B00BF20DE /* XCRemoteSwiftPackageReference "Kingfisher" */ = {
			isa = XCRemoteSwiftPackageReference;
			repositoryURL = "https://github.com/onevcat/Kingfisher.git";
			requirement = {
				kind = upToNextMajorVersion;
				minimumVersion = 7.11.0;
			};
		};
/* End XCRemoteSwiftPackageReference section */

/* Begin XCSwiftPackageProductDependency section */
		6F6DC7292BB0B51B00BF20DE /* Kingfisher */ = {
			isa = XCSwiftPackageProductDependency;
			package = 6F6DC7282BB0B51B00BF20DE /* XCRemoteSwiftPackageReference "Kingfisher" */;
			productName = Kingfisher;
		};
/* End XCSwiftPackageProductDependency section */
	};
	rootObject = 6F6DC7002BB0A8B500BF20DE /* Project object */;
}
